// !$*UTF8*$!
{
	archiveVersion = 1;
	classes = {
	};
	objectVersion = 48;
	objects = {

/* Begin PBXBuildFile section */
		031B851420334A0400700A52 /* LoginPageViewController.swift in Sources */ = {isa = PBXBuildFile; fileRef = 031B851320334A0400700A52 /* LoginPageViewController.swift */; };
		0323D0D82031F2B00013F55D /* RegisterPageViewController.swift in Sources */ = {isa = PBXBuildFile; fileRef = 0323D0D72031F2B00013F55D /* RegisterPageViewController.swift */; };
		03A5C39A20162BC300561DC3 /* AppDelegate.swift in Sources */ = {isa = PBXBuildFile; fileRef = 03A5C39920162BC300561DC3 /* AppDelegate.swift */; };
		03A5C39C20162BC300561DC3 /* ViewController.swift in Sources */ = {isa = PBXBuildFile; fileRef = 03A5C39B20162BC300561DC3 /* ViewController.swift */; };
		03A5C39F20162BC300561DC3 /* Main.storyboard in Resources */ = {isa = PBXBuildFile; fileRef = 03A5C39D20162BC300561DC3 /* Main.storyboard */; };
		03A5C3A120162BC300561DC3 /* Assets.xcassets in Resources */ = {isa = PBXBuildFile; fileRef = 03A5C3A020162BC300561DC3 /* Assets.xcassets */; };
		03A5C3A420162BC300561DC3 /* LaunchScreen.storyboard in Resources */ = {isa = PBXBuildFile; fileRef = 03A5C3A220162BC300561DC3 /* LaunchScreen.storyboard */; };
/* End PBXBuildFile section */

/* Begin PBXFileReference section */
		031B851320334A0400700A52 /* LoginPageViewController.swift */ = {isa = PBXFileReference; lastKnownFileType = sourcecode.swift; path = LoginPageViewController.swift; sourceTree = "<group>"; };
		0323D0D72031F2B00013F55D /* RegisterPageViewController.swift */ = {isa = PBXFileReference; lastKnownFileType = sourcecode.swift; path = RegisterPageViewController.swift; sourceTree = "<group>"; };
		03A5C39620162BC300561DC3 /* TrainingLog.app */ = {isa = PBXFileReference; explicitFileType = wrapper.application; includeInIndex = 0; path = TrainingLog.app; sourceTree = BUILT_PRODUCTS_DIR; };
		03A5C39920162BC300561DC3 /* AppDelegate.swift */ = {isa = PBXFileReference; lastKnownFileType = sourcecode.swift; path = AppDelegate.swift; sourceTree = "<group>"; };
		03A5C39B20162BC300561DC3 /* ViewController.swift */ = {isa = PBXFileReference; lastKnownFileType = sourcecode.swift; path = ViewController.swift; sourceTree = "<group>"; };
		03A5C39E20162BC300561DC3 /* Base */ = {isa = PBXFileReference; lastKnownFileType = file.storyboard; name = Base; path = Base.lproj/Main.storyboard; sourceTree = "<group>"; };
		03A5C3A020162BC300561DC3 /* Assets.xcassets */ = {isa = PBXFileReference; lastKnownFileType = folder.assetcatalog; path = Assets.xcassets; sourceTree = "<group>"; };
		03A5C3A320162BC300561DC3 /* Base */ = {isa = PBXFileReference; lastKnownFileType = file.storyboard; name = Base; path = Base.lproj/LaunchScreen.storyboard; sourceTree = "<group>"; };
		03A5C3A520162BC300561DC3 /* Info.plist */ = {isa = PBXFileReference; lastKnownFileType = text.plist.xml; path = Info.plist; sourceTree = "<group>"; };
/* End PBXFileReference section */

/* Begin PBXFrameworksBuildPhase section */
		03A5C39320162BC300561DC3 /* Frameworks */ = {
			isa = PBXFrameworksBuildPhase;
			buildActionMask = 2147483647;
			files = (
			);
			runOnlyForDeploymentPostprocessing = 0;
		};
/* End PBXFrameworksBuildPhase section */

/* Begin PBXGroup section */
		0323AAA22031E29900F25E1D /* Controller */ = {
			isa = PBXGroup;
			children = (
				03A5C39920162BC300561DC3 /* AppDelegate.swift */,
				03A5C39B20162BC300561DC3 /* ViewController.swift */,
				0323D0D72031F2B00013F55D /* RegisterPageViewController.swift */,
				031B851320334A0400700A52 /* LoginPageViewController.swift */,
			);
			path = Controller;
			sourceTree = "<group>";
		};
		0323AAA32031E2A400F25E1D /* View */ = {
			isa = PBXGroup;
			children = (
				03A5C39D20162BC300561DC3 /* Main.storyboard */,
				03A5C3A220162BC300561DC3 /* LaunchScreen.storyboard */,
			);
			path = View;
			sourceTree = "<group>";
		};
		0323AAA42031E2B700F25E1D /* Resources */ = {
			isa = PBXGroup;
			children = (
				03A5C3A020162BC300561DC3 /* Assets.xcassets */,
				03A5C3A520162BC300561DC3 /* Info.plist */,
			);
			path = Resources;
			sourceTree = "<group>";
		};
		03A5C38D20162BC300561DC3 = {
			isa = PBXGroup;
			children = (
				03A5C39820162BC300561DC3 /* TrainingLog */,
				03A5C39720162BC300561DC3 /* Products */,
			);
			sourceTree = "<group>";
		};
		03A5C39720162BC300561DC3 /* Products */ = {
			isa = PBXGroup;
			children = (
				03A5C39620162BC300561DC3 /* TrainingLog.app */,
			);
			name = Products;
			sourceTree = "<group>";
		};
		03A5C39820162BC300561DC3 /* TrainingLog */ = {
			isa = PBXGroup;
			children = (
				0323AAA22031E29900F25E1D /* Controller */,
				0323AAA32031E2A400F25E1D /* View */,
				0323AAA42031E2B700F25E1D /* Resources */,
			);
			path = TrainingLog;
			sourceTree = "<group>";
		};
/* End PBXGroup section */

/* Begin PBXNativeTarget section */
		03A5C39520162BC300561DC3 /* TrainingLog */ = {
			isa = PBXNativeTarget;
			buildConfigurationList = 03A5C3A820162BC300561DC3 /* Build configuration list for PBXNativeTarget "TrainingLog" */;
			buildPhases = (
				03A5C39220162BC300561DC3 /* Sources */,
				03A5C39320162BC300561DC3 /* Frameworks */,
				03A5C39420162BC300561DC3 /* Resources */,
			);
			buildRules = (
			);
			dependencies = (
			);
			name = TrainingLog;
			productName = TrainingLog;
			productReference = 03A5C39620162BC300561DC3 /* TrainingLog.app */;
			productType = "com.apple.product-type.application";
		};
/* End PBXNativeTarget section */

/* Begin PBXProject section */
		03A5C38E20162BC300561DC3 /* Project object */ = {
			isa = PBXProject;
			attributes = {
				LastSwiftUpdateCheck = 0900;
				LastUpgradeCheck = 0900;
				ORGANIZATIONNAME = CTEC;
				TargetAttributes = {
					03A5C39520162BC300561DC3 = {
						CreatedOnToolsVersion = 9.0;
						ProvisioningStyle = Automatic;
					};
				};
			};
			buildConfigurationList = 03A5C39120162BC300561DC3 /* Build configuration list for PBXProject "TrainingLog" */;
			compatibilityVersion = "Xcode 8.0";
			developmentRegion = en;
			hasScannedForEncodings = 0;
			knownRegions = (
				en,
				Base,
			);
			mainGroup = 03A5C38D20162BC300561DC3;
			productRefGroup = 03A5C39720162BC300561DC3 /* Products */;
			projectDirPath = "";
			projectRoot = "";
			targets = (
				03A5C39520162BC300561DC3 /* TrainingLog */,
			);
		};
/* End PBXProject section */

/* Begin PBXResourcesBuildPhase section */
		03A5C39420162BC300561DC3 /* Resources */ = {
			isa = PBXResourcesBuildPhase;
			buildActionMask = 2147483647;
			files = (
				03A5C3A420162BC300561DC3 /* LaunchScreen.storyboard in Resources */,
				03A5C3A120162BC300561DC3 /* Assets.xcassets in Resources */,
				03A5C39F20162BC300561DC3 /* Main.storyboard in Resources */,
			);
			runOnlyForDeploymentPostprocessing = 0;
		};
/* End PBXResourcesBuildPhase section */

/* Begin PBXSourcesBuildPhase section */
		03A5C39220162BC300561DC3 /* Sources */ = {
			isa = PBXSourcesBuildPhase;
			buildActionMask = 2147483647;
			files = (
				03A5C39C20162BC300561DC3 /* ViewController.swift in Sources */,
				031B851420334A0400700A52 /* LoginPageViewController.swift in Sources */,
				03A5C39A20162BC300561DC3 /* AppDelegate.swift in Sources */,
				0323D0D82031F2B00013F55D /* RegisterPageViewController.swift in Sources */,
			);
			runOnlyForDeploymentPostprocessing = 0;
		};
/* End PBXSourcesBuildPhase section */

/* Begin PBXVariantGroup section */
		03A5C39D20162BC300561DC3 /* Main.storyboard */ = {
			isa = PBXVariantGroup;
			children = (
				03A5C39E20162BC300561DC3 /* Base */,
			);
			name = Main.storyboard;
			sourceTree = "<group>";
		};
		03A5C3A220162BC300561DC3 /* LaunchScreen.storyboard */ = {
			isa = PBXVariantGroup;
			children = (
				03A5C3A320162BC300561DC3 /* Base */,
			);
			name = LaunchScreen.storyboard;
			sourceTree = "<group>";
		};
/* End PBXVariantGroup section */

/* Begin XCBuildConfiguration section */
		03A5C3A620162BC300561DC3 /* Debug */ = {
			isa = XCBuildConfiguration;
			buildSettings = {
				ALWAYS_SEARCH_USER_PATHS = NO;
				CLANG_ANALYZER_NONNULL = YES;
				CLANG_ANALYZER_NUMBER_OBJECT_CONVERSION = YES_AGGRESSIVE;
				CLANG_CXX_LANGUAGE_STANDARD = "gnu++14";
				CLANG_CXX_LIBRARY = "libc++";
				CLANG_ENABLE_MODULES = YES;
				CLANG_ENABLE_OBJC_ARC = YES;
				CLANG_WARN_BLOCK_CAPTURE_AUTORELEASING = YES;
				CLANG_WARN_BOOL_CONVERSION = YES;
				CLANG_WARN_COMMA = YES;
				CLANG_WARN_CONSTANT_CONVERSION = YES;
				CLANG_WARN_DIRECT_OBJC_ISA_USAGE = YES_ERROR;
				CLANG_WARN_DOCUMENTATION_COMMENTS = YES;
				CLANG_WARN_EMPTY_BODY = YES;
				CLANG_WARN_ENUM_CONVERSION = YES;
				CLANG_WARN_INFINITE_RECURSION = YES;
				CLANG_WARN_INT_CONVERSION = YES;
				CLANG_WARN_NON_LITERAL_NULL_CONVERSION = YES;
				CLANG_WARN_OBJC_LITERAL_CONVERSION = YES;
				CLANG_WARN_OBJC_ROOT_CLASS = YES_ERROR;
				CLANG_WARN_RANGE_LOOP_ANALYSIS = YES;
				CLANG_WARN_STRICT_PROTOTYPES = YES;
				CLANG_WARN_SUSPICIOUS_MOVE = YES;
				CLANG_WARN_UNGUARDED_AVAILABILITY = YES_AGGRESSIVE;
				CLANG_WARN_UNREACHABLE_CODE = YES;
				CLANG_WARN__DUPLICATE_METHOD_MATCH = YES;
				CODE_SIGN_IDENTITY = "iPhone Developer";
				COPY_PHASE_STRIP = NO;
				DEBUG_INFORMATION_FORMAT = dwarf;
				ENABLE_STRICT_OBJC_MSGSEND = YES;
				ENABLE_TESTABILITY = YES;
				GCC_C_LANGUAGE_STANDARD = gnu11;
				GCC_DYNAMIC_NO_PIC = NO;
				GCC_NO_COMMON_BLOCKS = YES;
				GCC_OPTIMIZATION_LEVEL = 0;
				GCC_PREPROCESSOR_DEFINITIONS = (
					"DEBUG=1",
					"$(inherited)",
				);
				GCC_WARN_64_TO_32_BIT_CONVERSION = YES;
				GCC_WARN_ABOUT_RETURN_TYPE = YES_ERROR;
				GCC_WARN_UNDECLARED_SELECTOR = YES;
				GCC_WARN_UNINITIALIZED_AUTOS = YES_AGGRESSIVE;
				GCC_WARN_UNUSED_FUNCTION = YES;
				GCC_WARN_UNUSED_VARIABLE = YES;
				IPHONEOS_DEPLOYMENT_TARGET = 11.0;
				MTL_ENABLE_DEBUG_INFO = YES;
				ONLY_ACTIVE_ARCH = YES;
				SDKROOT = iphoneos;
				SWIFT_ACTIVE_COMPILATION_CONDITIONS = DEBUG;
				SWIFT_OPTIMIZATION_LEVEL = "-Onone";
			};
			name = Debug;
		};
		03A5C3A720162BC300561DC3 /* Release */ = {
			isa = XCBuildConfiguration;
			buildSettings = {
				ALWAYS_SEARCH_USER_PATHS = NO;
				CLANG_ANALYZER_NONNULL = YES;
				CLANG_ANALYZER_NUMBER_OBJECT_CONVERSION = YES_AGGRESSIVE;
				CLANG_CXX_LANGUAGE_STANDARD = "gnu++14";
				CLANG_CXX_LIBRARY = "libc++";
				CLANG_ENABLE_MODULES = YES;
				CLANG_ENABLE_OBJC_ARC = YES;
				CLANG_WARN_BLOCK_CAPTURE_AUTORELEASING = YES;
				CLANG_WARN_BOOL_CONVERSION = YES;
				CLANG_WARN_COMMA = YES;
				CLANG_WARN_CONSTANT_CONVERSION = YES;
				CLANG_WARN_DIRECT_OBJC_ISA_USAGE = YES_ERROR;
				CLANG_WARN_DOCUMENTATION_COMMENTS = YES;
				CLANG_WARN_EMPTY_BODY = YES;
				CLANG_WARN_ENUM_CONVERSION = YES;
				CLANG_WARN_INFINITE_RECURSION = YES;
				CLANG_WARN_INT_CONVERSION = YES;
				CLANG_WARN_NON_LITERAL_NULL_CONVERSION = YES;
				CLANG_WARN_OBJC_LITERAL_CONVERSION = YES;
				CLANG_WARN_OBJC_ROOT_CLASS = YES_ERROR;
				CLANG_WARN_RANGE_LOOP_ANALYSIS = YES;
				CLANG_WARN_STRICT_PROTOTYPES = YES;
				CLANG_WARN_SUSPICIOUS_MOVE = YES;
				CLANG_WARN_UNGUARDED_AVAILABILITY = YES_AGGRESSIVE;
				CLANG_WARN_UNREACHABLE_CODE = YES;
				CLANG_WARN__DUPLICATE_METHOD_MATCH = YES;
				CODE_SIGN_IDENTITY = "iPhone Developer";
				COPY_PHASE_STRIP = NO;
				DEBUG_INFORMATION_FORMAT = "dwarf-with-dsym";
				ENABLE_NS_ASSERTIONS = NO;
				ENABLE_STRICT_OBJC_MSGSEND = YES;
				GCC_C_LANGUAGE_STANDARD = gnu11;
				GCC_NO_COMMON_BLOCKS = YES;
				GCC_WARN_64_TO_32_BIT_CONVERSION = YES;
				GCC_WARN_ABOUT_RETURN_TYPE = YES_ERROR;
				GCC_WARN_UNDECLARED_SELECTOR = YES;
				GCC_WARN_UNINITIALIZED_AUTOS = YES_AGGRESSIVE;
				GCC_WARN_UNUSED_FUNCTION = YES;
				GCC_WARN_UNUSED_VARIABLE = YES;
				IPHONEOS_DEPLOYMENT_TARGET = 11.0;
				MTL_ENABLE_DEBUG_INFO = NO;
				SDKROOT = iphoneos;
				SWIFT_OPTIMIZATION_LEVEL = "-Owholemodule";
				VALIDATE_PRODUCT = YES;
			};
			name = Release;
		};
		03A5C3A920162BC300561DC3 /* Debug */ = {
			isa = XCBuildConfiguration;
			buildSettings = {
				ASSETCATALOG_COMPILER_APPICON_NAME = AppIcon;
				CODE_SIGN_STYLE = Automatic;
				INFOPLIST_FILE = "$(SRCROOT)/TrainingLog/Resources/Info.plist";
				LD_RUNPATH_SEARCH_PATHS = "$(inherited) @executable_path/Frameworks";
				PRODUCT_BUNDLE_IDENTIFIER = CTEC.TrainingLog;
				PRODUCT_NAME = "$(TARGET_NAME)";
				SWIFT_VERSION = 4.0;
				TARGETED_DEVICE_FAMILY = "1,2";
			};
			name = Debug;
		};
		03A5C3AA20162BC300561DC3 /* Release */ = {
			isa = XCBuildConfiguration;
			buildSettings = {
				ASSETCATALOG_COMPILER_APPICON_NAME = AppIcon;
				CODE_SIGN_STYLE = Automatic;
				INFOPLIST_FILE = "$(SRCROOT)/TrainingLog/Resources/Info.plist";
				LD_RUNPATH_SEARCH_PATHS = "$(inherited) @executable_path/Frameworks";
				PRODUCT_BUNDLE_IDENTIFIER = CTEC.TrainingLog;
				PRODUCT_NAME = "$(TARGET_NAME)";
				SWIFT_VERSION = 4.0;
				TARGETED_DEVICE_FAMILY = "1,2";
			};
			name = Release;
		};
/* End XCBuildConfiguration section */

/* Begin XCConfigurationList section */
		03A5C39120162BC300561DC3 /* Build configuration list for PBXProject "TrainingLog" */ = {
			isa = XCConfigurationList;
			buildConfigurations = (
				03A5C3A620162BC300561DC3 /* Debug */,
				03A5C3A720162BC300561DC3 /* Release */,
			);
			defaultConfigurationIsVisible = 0;
			defaultConfigurationName = Release;
		};
		03A5C3A820162BC300561DC3 /* Build configuration list for PBXNativeTarget "TrainingLog" */ = {
			isa = XCConfigurationList;
			buildConfigurations = (
				03A5C3A920162BC300561DC3 /* Debug */,
				03A5C3AA20162BC300561DC3 /* Release */,
			);
			defaultConfigurationIsVisible = 0;
			defaultConfigurationName = Release;
		};
/* End XCConfigurationList section */
	};
	rootObject = 03A5C38E20162BC300561DC3 /* Project object */;
}
